
Microsoft Visual Studio Solution File, Format Version 12.00
# Visual Studio 2013
VisualStudioVersion = 12.0.40629.0
MinimumVisualStudioVersion = 10.0.40219.1
Project("{FAE04EC0-301F-11D3-BF4B-00C04F79EFBC}") = "APP_ENTIDADES", "APP_ENTIDADES\APP_ENTIDADES.csproj", "{30096095-1C2E-4F11-BE5C-3D8D80729F6B}"
EndProject
Global
	GlobalSection(SolutionConfigurationPlatforms) = preSolution
		Debug|Any CPU = Debug|Any CPU
		Release|Any CPU = Release|Any CPU
	EndGlobalSection
	GlobalSection(ProjectConfigurationPlatforms) = postSolution
		{30096095-1C2E-4F11-BE5C-3D8D80729F6B}.Debug|Any CPU.ActiveCfg = Debug|Any CPU
		{30096095-1C2E-4F11-BE5C-3D8D80729F6B}.Debug|Any CPU.Build.0 = Debug|Any CPU
		{30096095-1C2E-4F11-BE5C-3D8D80729F6B}.Release|Any CPU.ActiveCfg = Release|Any CPU
		{30096095-1C2E-4F11-BE5C-3D8D80729F6B}.Release|Any CPU.Build.0 = Release|Any CPU
	EndGlobalSection
	GlobalSection(SolutionProperties) = preSolution
		HideSolutionNode = FALSE
	EndGlobalSection
EndGlobal
